
Microsoft Visual Studio Solution File, Format Version 12.00
# Visual Studio Version 16
VisualStudioVersion = 16.0.29519.87
MinimumVisualStudioVersion = 10.0.40219.1
Project("{8BC9CEB8-8B4A-11D0-8D11-00A0C91BC942}") = "Strings_Suite", "Strings_Suite\Strings_Suite.vcxproj", "{9EED540D-4C5C-411C-A61F-7D365939D996}"
EndProject
Project("{8BC9CEB8-8B4A-11D0-8D11-00A0C91BC942}") = "String_Suite2", "String_Suite2\String_Suite2.vcxproj", "{D6439D94-8864-4D61-A6DD-D43CF7435B75}"
EndProject
Project("{8BC9CEB8-8B4A-11D0-8D11-00A0C91BC942}") = "Alloc_Dynamique", "Alloc_Dynamique\Alloc_Dynamique.vcxproj", "{3A191853-877C-4918-9019-20F422064B7B}"
EndProject
Global
	GlobalSection(SolutionConfigurationPlatforms) = preSolution
		Debug|x64 = Debug|x64
		Debug|x86 = Debug|x86
		Release|x64 = Release|x64
		Release|x86 = Release|x86
	EndGlobalSection
	GlobalSection(ProjectConfigurationPlatforms) = postSolution
		{9EED540D-4C5C-411C-A61F-7D365939D996}.Debug|x64.ActiveCfg = Debug|x64
		{9EED540D-4C5C-411C-A61F-7D365939D996}.Debug|x64.Build.0 = Debug|x64
		{9EED540D-4C5C-411C-A61F-7D365939D996}.Debug|x86.ActiveCfg = Debug|Win32
		{9EED540D-4C5C-411C-A61F-7D365939D996}.Debug|x86.Build.0 = Debug|Win32
		{9EED540D-4C5C-411C-A61F-7D365939D996}.Release|x64.ActiveCfg = Release|x64
		{9EED540D-4C5C-411C-A61F-7D365939D996}.Release|x64.Build.0 = Release|x64
		{9EED540D-4C5C-411C-A61F-7D365939D996}.Release|x86.ActiveCfg = Release|Win32
		{9EED540D-4C5C-411C-A61F-7D365939D996}.Release|x86.Build.0 = Release|Win32
		{D6439D94-8864-4D61-A6DD-D43CF7435B75}.Debug|x64.ActiveCfg = Debug|x64
		{D6439D94-8864-4D61-A6DD-D43CF7435B75}.Debug|x64.Build.0 = Debug|x64
		{D6439D94-8864-4D61-A6DD-D43CF7435B75}.Debug|x86.ActiveCfg = Debug|Win32
		{D6439D94-8864-4D61-A6DD-D43CF7435B75}.Debug|x86.Build.0 = Debug|Win32
		{D6439D94-8864-4D61-A6DD-D43CF7435B75}.Release|x64.ActiveCfg = Release|x64
		{D6439D94-8864-4D61-A6DD-D43CF7435B75}.Release|x64.Build.0 = Release|x64
		{D6439D94-8864-4D61-A6DD-D43CF7435B75}.Release|x86.ActiveCfg = Release|Win32
		{D6439D94-8864-4D61-A6DD-D43CF7435B75}.Release|x86.Build.0 = Release|Win32
		{3A191853-877C-4918-9019-20F422064B7B}.Debug|x64.ActiveCfg = Debug|x64
		{3A191853-877C-4918-9019-20F422064B7B}.Debug|x64.Build.0 = Debug|x64
		{3A191853-877C-4918-9019-20F422064B7B}.Debug|x86.ActiveCfg = Debug|Win32
		{3A191853-877C-4918-9019-20F422064B7B}.Debug|x86.Build.0 = Debug|Win32
		{3A191853-877C-4918-9019-20F422064B7B}.Release|x64.ActiveCfg = Release|x64
		{3A191853-877C-4918-9019-20F422064B7B}.Release|x64.Build.0 = Release|x64
		{3A191853-877C-4918-9019-20F422064B7B}.Release|x86.ActiveCfg = Release|Win32
		{3A191853-877C-4918-9019-20F422064B7B}.Release|x86.Build.0 = Release|Win32
	EndGlobalSection
	GlobalSection(SolutionProperties) = preSolution
		HideSolutionNode = FALSE
	EndGlobalSection
	GlobalSection(ExtensibilityGlobals) = postSolution
		SolutionGuid = {0C34D9B2-C253-497F-B3DA-7A30E86DE1FB}
	EndGlobalSection
EndGlobal
